
Microsoft Visual Studio Solution File, Format Version 12.00
# Visual Studio 15
VisualStudioVersion = 15.0.27130.2010
MinimumVisualStudioVersion = 10.0.40219.1
Project("{FAE04EC0-301F-11D3-BF4B-00C04F79EFBC}") = "CoreNetLib", "CoreNetLib\CoreNetLib.csproj", "{4A3BCFAC-D93E-46B3-8666-B58CFBE4E685}"
EndProject
Global
	GlobalSection(SolutionConfigurationPlatforms) = preSolution
		Debug|Any CPU = Debug|Any CPU
		Release|Any CPU = Release|Any CPU
	EndGlobalSection
	GlobalSection(ProjectConfigurationPlatforms) = postSolution
		{4A3BCFAC-D93E-46B3-8666-B58CFBE4E685}.Debug|Any CPU.ActiveCfg = Debug|Any CPU
		{4A3BCFAC-D93E-46B3-8666-B58CFBE4E685}.Debug|Any CPU.Build.0 = Debug|Any CPU
		{4A3BCFAC-D93E-46B3-8666-B58CFBE4E685}.Release|Any CPU.ActiveCfg = Release|Any CPU
		{4A3BCFAC-D93E-46B3-8666-B58CFBE4E685}.Release|Any CPU.Build.0 = Release|Any CPU
	EndGlobalSection
	GlobalSection(SolutionProperties) = preSolution
		HideSolutionNode = FALSE
	EndGlobalSection
	GlobalSection(ExtensibilityGlobals) = postSolution
		SolutionGuid = {CF290096-CF6F-448A-96D0-F4B968CA33C1}
	EndGlobalSection
EndGlobal
